# This file is autogenerated, do not edit; changes may be undone by the next 'dep ensure'.


[[projects]]
  digest = "1:c8bc6cc8a13405a9ebfdc76a4279d52ff3e13dd4f73766b7a1ff6b45aa609fc3"
  name = "github.com/aws/aws-lambda-go"
  packages = [
    "events",
    "lambda",
    "lambda/handlertrace",
    "lambda/messages",
    "lambdacontext",
  ]
  pruneopts = "UT"
  revision = "b5b7267d297de263cc5b61f8c37543daa9c95ffd"
  version = "v1.13.3"

[[projects]]
  digest = "1:da88b196550be34630a6f094b1776e3dd22a13ce3745a959639f11a39ac3b327"
  name = "github.com/aws/aws-sdk-go"
  packages = [
    "aws",
    "aws/arn",
    "aws/awserr",
    "aws/awsutil",
    "aws/client",
    "aws/client/metadata",
    "aws/corehandlers",
    "aws/credentials",
    "aws/credentials/ec2rolecreds",
    "aws/credentials/endpointcreds",
    "aws/credentials/processcreds",
    "aws/credentials/stscreds",
    "aws/csm",
    "aws/defaults",
    "aws/ec2metadata",
    "aws/endpoints",
    "aws/request",
    "aws/session",
    "aws/signer/v4",
    "internal/ini",
    "internal/s3err",
    "internal/sdkio",
    "internal/sdkmath",
    "internal/sdkrand",
    "internal/sdkuri",
    "internal/shareddefaults",
    "internal/strings",
    "private/protocol",
    "private/protocol/eventstream",
    "private/protocol/eventstream/eventstreamapi",
    "private/protocol/json/jsonutil",
    "private/protocol/query",
    "private/protocol/query/queryutil",
    "private/protocol/rest",
    "private/protocol/restxml",
    "private/protocol/xml/xmlutil",
    "service/s3",
    "service/s3/internal/arn",
    "service/sts",
    "service/sts/stsiface",
  ]
  pruneopts = "UT"
  revision = "086fb47047be5398c20d3d9e1a0bf4982b90e1cc"
  version = "v1.28.10"

[[projects]]
  digest = "1:144921c08f29f07256e59988066fc43792710f716500832f867725e39373f90f"
  name = "github.com/fnproject/fdk-go"
  packages = ["."]
  pruneopts = "UT"
  revision = "e0af12e7b04464874b1b44b7b765d0054ded019f"
  version = "v0.0.1"

[[projects]]
  digest = "1:bb81097a5b62634f3e9fec1014657855610c82d19b9a40c17612e32651e35dca"
  name = "github.com/jmespath/go-jmespath"
  packages = ["."]
  pruneopts = "UT"
  revision = "c2b33e84"

[[projects]]
  branch = "master"
  digest = "1:d414058838cbe9c12bf62ce696624ed7ef36a9b82e388d6d5ed4a20326219a78"
  name = "github.com/tencentyun/scf-go-lib"
  packages = [
    "cloudfunction",
    "cloudfunction/messages",
    "functioncontext",
  ]
  pruneopts = "UT"
  revision = "9a6ea1bf75b89a0cd917a1e846bacf40fc06ca56"

[solve-meta]
  analyzer-name = "dep"
  analyzer-version = 1
  input-imports = [
    "github.com/aws/aws-lambda-go/events",
    "github.com/aws/aws-lambda-go/lambda",
    "github.com/aws/aws-sdk-go/aws",
    "github.com/aws/aws-sdk-go/aws/session",
    "github.com/aws/aws-sdk-go/service/s3",
    "github.com/fnproject/fdk-go",
    "github.com/tencentyun/scf-go-lib/cloudfunction",
  ]
  solver-name = "gps-cdcl"
  solver-version = 1
